{
  "name": "@apostrophecms/apostrophe-astro",
  "version": "1.3.1",
  "lockfileVersion": 3,
  "requires": true,
  "packages": {
    "": {
      "name": "@apostrophecms/apostrophe-astro",
      "version": "1.3.1",
      "license": "MIT",
      "dependencies": {
        "sluggo": "^1.0.0",
        "undici": "^6.21.1"
      }
    },
    "node_modules/sluggo": {
      "version": "1.0.0",
      "resolved": "https://registry.npmjs.org/sluggo/-/sluggo-1.0.0.tgz",
      "integrity": "sha512-A/yf0o0XClAxcx2fpN3NgTi13r8h+3ZASB/pMqUM1aogcB3Jipel77Mp2qJgWPm1VYt9MfAvmMN30oY51AiO7g=="
    },
    "node_modules/undici": {
      "version": "6.21.3",
      "resolved": "https://registry.npmjs.org/undici/-/undici-6.21.3.tgz",
      "integrity": "sha512-gBLkYIlEnSp8pFbT64yFgGE6UIB9tAkhukC23PmMDCe5Nd+cRqKxSjw5y54MK2AZMgZfJWMaNE4nYUHgi1XEOw==",
      "engines": {
        "node": ">=18.17"
      }
    }
  }
}
