{
  "name": "@apostrophecms/apostrophe-astro",
  "version": "1.0.9",
  "lockfileVersion": 3,
  "requires": true,
  "packages": {
    "": {
      "name": "@apostrophecms/apostrophe-astro",
      "version": "1.0.9",
      "license": "MIT",
      "dependencies": {
        "undici": "^6.10.1"
      }
    },
    "node_modules/undici": {
      "version": "6.20.1",
      "resolved": "https://registry.npmjs.org/undici/-/undici-6.20.1.tgz",
      "integrity": "sha512-AjQF1QsmqfJys+LXfGTNum+qw4S88CojRInG/6t31W/1fk6G59s92bnAvGz5Cmur+kQv2SURXEvvudLmbrE8QA==",
      "engines": {
        "node": ">=18.17"
      }
    }
  }
}
