{
  "name": "@apostrophecms/apostrophe-astro",
  "version": "1.7.0",
  "lockfileVersion": 3,
  "requires": true,
  "packages": {
    "": {
      "name": "@apostrophecms/apostrophe-astro",
      "version": "1.7.0",
      "license": "MIT",
      "dependencies": {
        "lodash.deburr": "^4.1.0",
        "sluggo": "^1.0.0",
        "undici": "^6.21.1"
      }
    },
    "node_modules/lodash.deburr": {
      "version": "4.1.0",
      "resolved": "https://registry.npmjs.org/lodash.deburr/-/lodash.deburr-4.1.0.tgz",
      "integrity": "sha512-m/M1U1f3ddMCs6Hq2tAsYThTBDaAKFDX3dwDo97GEYzamXi9SqUpjWi/Rrj/gf3X2n8ktwgZrlP1z6E3v/IExQ==",
      "license": "MIT"
    },
    "node_modules/sluggo": {
      "version": "1.0.0",
      "resolved": "https://registry.npmjs.org/sluggo/-/sluggo-1.0.0.tgz",
      "integrity": "sha512-A/yf0o0XClAxcx2fpN3NgTi13r8h+3ZASB/pMqUM1aogcB3Jipel77Mp2qJgWPm1VYt9MfAvmMN30oY51AiO7g=="
    },
    "node_modules/undici": {
      "version": "6.21.3",
      "resolved": "https://registry.npmjs.org/undici/-/undici-6.21.3.tgz",
      "integrity": "sha512-gBLkYIlEnSp8pFbT64yFgGE6UIB9tAkhukC23PmMDCe5Nd+cRqKxSjw5y54MK2AZMgZfJWMaNE4nYUHgi1XEOw==",
      "engines": {
        "node": ">=18.17"
      }
    }
  }
}
